{
  "name": "schoolvakanties-ical",
  "version": "1.0.0",
  "lockfileVersion": 1,
  "requires": true,
  "dependencies": {
    "ical-generator": {
      "version": "1.0.2",
      "resolved": "https://registry.npmjs.org/ical-generator/-/ical-generator-1.0.2.tgz",
      "integrity": "sha512-3eHuKPhhSN4MraMFbQfjSAveHnP9O/F+vPn9MwK9B653XT1Q1vd2g1M4bMbC82ll0QnlYahqYoaQANYD8t9cKg==",
      "requires": {
        "moment-timezone": "0.5.21"
      }
    },
    "moment": {
      "version": "2.22.2",
      "resolved": "https://registry.npmjs.org/moment/-/moment-2.22.2.tgz",
      "integrity": "sha1-PCV/mDn8DpP/UxSWMiOeuQeD/2Y="
    },
    "moment-timezone": {
      "version": "0.5.21",
      "resolved": "https://registry.npmjs.org/moment-timezone/-/moment-timezone-0.5.21.tgz",
      "integrity": "sha512-j96bAh4otsgj3lKydm3K7kdtA3iKf2m6MY2iSYCzCm5a1zmHo1g+aK3068dDEeocLZQIS9kU8bsdQHLqEvgW0A==",
      "requires": {
        "moment": "2.22.2"
      }
    }
  }
}
